<?xml version="1.0" encoding="utf-8"?>
<Project ToolsVersion="4.0" xmlns="http://schemas.microsoft.com/developer/msbuild/2003">
  <ItemGroup>
    <Filter Include="hikaru">
      <UniqueIdentifier>{69EB1F02-558D-4AD8-3E48-5E2C2A89D128}</UniqueIdentifier>
    </Filter>
    <Filter Include="hikaru\events">
      <UniqueIdentifier>{4D9BC4F4-B95B-402B-8296-89A8EE158507}</UniqueIdentifier>
    </Filter>
  </ItemGroup>
  <ItemGroup>
    <ClInclude Include="src\Hikaru.h" />
    <ClInclude Include="src\hikaru\Application.h">
      <Filter>hikaru</Filter>
    </ClInclude>
    <ClInclude Include="src\hikaru\Core.h">
      <Filter>hikaru</Filter>
    </ClInclude>
    <ClInclude Include="src\hikaru\EntryPoint.h">
      <Filter>hikaru</Filter>
    </ClInclude>
    <ClInclude Include="src\hikaru\Log.h">
      <Filter>hikaru</Filter>
    </ClInclude>
    <ClInclude Include="src\hikaru\events\ApplicationEvent.h">
      <Filter>hikaru\events</Filter>
    </ClInclude>
    <ClInclude Include="src\hikaru\events\Event.h">
      <Filter>hikaru\events</Filter>
    </ClInclude>
    <ClInclude Include="src\hikaru\events\KeyEvent.h">
      <Filter>hikaru\events</Filter>
    </ClInclude>
    <ClInclude Include="src\hikaru\events\MouseEvent.h">
      <Filter>hikaru\events</Filter>
    </ClInclude>
  </ItemGroup>
  <ItemGroup>
    <ClCompile Include="src\hikaru\Application.cpp">
      <Filter>hikaru</Filter>
    </ClCompile>
    <ClCompile Include="src\hikaru\Log.cpp">
      <Filter>hikaru</Filter>
    </ClCompile>
  </ItemGroup>
</Project>